
Microsoft Visual Studio Solution File, Format Version 12.00
# Visual Studio Version 17
VisualStudioVersion = 17.8.34525.116
MinimumVisualStudioVersion = 10.0.40219.1
Project("{FAE04EC0-301F-11D3-BF4B-00C04F79EFBC}") = "BusStation", "BusStation.csproj", "{EC31070D-728B-4BC4-94D7-76E3A0C0288F}"
EndProject
Global
	GlobalSection(SolutionConfigurationPlatforms) = preSolution
		Debug|Any CPU = Debug|Any CPU
		Release|Any CPU = Release|Any CPU
	EndGlobalSection
	GlobalSection(ProjectConfigurationPlatforms) = postSolution
		{EC31070D-728B-4BC4-94D7-76E3A0C0288F}.Debug|Any CPU.ActiveCfg = Debug|Any CPU
		{EC31070D-728B-4BC4-94D7-76E3A0C0288F}.Debug|Any CPU.Build.0 = Debug|Any CPU
		{EC31070D-728B-4BC4-94D7-76E3A0C0288F}.Release|Any CPU.ActiveCfg = Release|Any CPU
		{EC31070D-728B-4BC4-94D7-76E3A0C0288F}.Release|Any CPU.Build.0 = Release|Any CPU
	EndGlobalSection
	GlobalSection(SolutionProperties) = preSolution
		HideSolutionNode = FALSE
	EndGlobalSection
	GlobalSection(ExtensibilityGlobals) = postSolution
		SolutionGuid = {2BFA4ADE-E407-4B30-AF5F-320D04AAED14}
	EndGlobalSection
EndGlobal
